
Microsoft Visual Studio Solution File, Format Version 11.00
# Visual Studio 2010
Project("{FAE04EC0-301F-11D3-BF4B-00C04F79EFBC}") = "D3BitGUI", "D3BitGUI\D3BitGUI.csproj", "{9AE51E35-2A2F-4086-8E1D-6EC8630DE57D}"
EndProject
Project("{FAE04EC0-301F-11D3-BF4B-00C04F79EFBC}") = "D3Bit", "D3Bit\D3Bit.csproj", "{A6BAD0D8-4F72-4DEF-A88B-6F786A221EA4}"
EndProject
Project("{FAE04EC0-301F-11D3-BF4B-00C04F79EFBC}") = "D3BitConsole", "D3BitConsole\D3BitConsole.csproj", "{44016DE9-AA93-4C12-86A0-FC47CBA865E0}"
EndProject
Global
	GlobalSection(SolutionConfigurationPlatforms) = preSolution
		Debug|Any CPU = Debug|Any CPU
		Debug|Mixed Platforms = Debug|Mixed Platforms
		Debug|x86 = Debug|x86
		Release|Any CPU = Release|Any CPU
		Release|Mixed Platforms = Release|Mixed Platforms
		Release|x86 = Release|x86
	EndGlobalSection
	GlobalSection(ProjectConfigurationPlatforms) = postSolution
		{9AE51E35-2A2F-4086-8E1D-6EC8630DE57D}.Debug|Any CPU.ActiveCfg = Debug|x86
		{9AE51E35-2A2F-4086-8E1D-6EC8630DE57D}.Debug|Mixed Platforms.ActiveCfg = Debug|x86
		{9AE51E35-2A2F-4086-8E1D-6EC8630DE57D}.Debug|Mixed Platforms.Build.0 = Debug|x86
		{9AE51E35-2A2F-4086-8E1D-6EC8630DE57D}.Debug|x86.ActiveCfg = Debug|x86
		{9AE51E35-2A2F-4086-8E1D-6EC8630DE57D}.Debug|x86.Build.0 = Debug|x86
		{9AE51E35-2A2F-4086-8E1D-6EC8630DE57D}.Release|Any CPU.ActiveCfg = Release|x86
		{9AE51E35-2A2F-4086-8E1D-6EC8630DE57D}.Release|Mixed Platforms.ActiveCfg = Release|x86
		{9AE51E35-2A2F-4086-8E1D-6EC8630DE57D}.Release|Mixed Platforms.Build.0 = Release|x86
		{9AE51E35-2A2F-4086-8E1D-6EC8630DE57D}.Release|x86.ActiveCfg = Release|x86
		{9AE51E35-2A2F-4086-8E1D-6EC8630DE57D}.Release|x86.Build.0 = Release|x86
		{A6BAD0D8-4F72-4DEF-A88B-6F786A221EA4}.Debug|Any CPU.ActiveCfg = Debug|Any CPU
		{A6BAD0D8-4F72-4DEF-A88B-6F786A221EA4}.Debug|Any CPU.Build.0 = Debug|Any CPU
		{A6BAD0D8-4F72-4DEF-A88B-6F786A221EA4}.Debug|Mixed Platforms.ActiveCfg = Debug|Any CPU
		{A6BAD0D8-4F72-4DEF-A88B-6F786A221EA4}.Debug|Mixed Platforms.Build.0 = Debug|Any CPU
		{A6BAD0D8-4F72-4DEF-A88B-6F786A221EA4}.Debug|x86.ActiveCfg = Debug|Any CPU
		{A6BAD0D8-4F72-4DEF-A88B-6F786A221EA4}.Release|Any CPU.ActiveCfg = Release|Any CPU
		{A6BAD0D8-4F72-4DEF-A88B-6F786A221EA4}.Release|Any CPU.Build.0 = Release|Any CPU
		{A6BAD0D8-4F72-4DEF-A88B-6F786A221EA4}.Release|Mixed Platforms.ActiveCfg = Release|Any CPU
		{A6BAD0D8-4F72-4DEF-A88B-6F786A221EA4}.Release|Mixed Platforms.Build.0 = Release|Any CPU
		{A6BAD0D8-4F72-4DEF-A88B-6F786A221EA4}.Release|x86.ActiveCfg = Release|Any CPU
		{44016DE9-AA93-4C12-86A0-FC47CBA865E0}.Debug|Any CPU.ActiveCfg = Debug|x86
		{44016DE9-AA93-4C12-86A0-FC47CBA865E0}.Debug|Mixed Platforms.ActiveCfg = Debug|x86
		{44016DE9-AA93-4C12-86A0-FC47CBA865E0}.Debug|Mixed Platforms.Build.0 = Debug|x86
		{44016DE9-AA93-4C12-86A0-FC47CBA865E0}.Debug|x86.ActiveCfg = Debug|x86
		{44016DE9-AA93-4C12-86A0-FC47CBA865E0}.Debug|x86.Build.0 = Debug|x86
		{44016DE9-AA93-4C12-86A0-FC47CBA865E0}.Release|Any CPU.ActiveCfg = Release|x86
		{44016DE9-AA93-4C12-86A0-FC47CBA865E0}.Release|Mixed Platforms.ActiveCfg = Release|x86
		{44016DE9-AA93-4C12-86A0-FC47CBA865E0}.Release|Mixed Platforms.Build.0 = Release|x86
		{44016DE9-AA93-4C12-86A0-FC47CBA865E0}.Release|x86.ActiveCfg = Release|x86
		{44016DE9-AA93-4C12-86A0-FC47CBA865E0}.Release|x86.Build.0 = Release|x86
	EndGlobalSection
	GlobalSection(SolutionProperties) = preSolution
		HideSolutionNode = FALSE
	EndGlobalSection
EndGlobal
